// !$*UTF8*$!
{
	archiveVersion = 1;
	classes = {
	};
	objectVersion = 50;
	objects = {

/* Begin PBXBuildFile section */
		850EFDCF24C29E11000B6FB5 /* AppDelegate.m in Sources */ = {isa = PBXBuildFile; fileRef = 850EFDCE24C29E11000B6FB5 /* AppDelegate.m */; };
		850EFDD224C29E11000B6FB5 /* SceneDelegate.m in Sources */ = {isa = PBXBuildFile; fileRef = 850EFDD124C29E11000B6FB5 /* SceneDelegate.m */; };
		850EFDD524C29E11000B6FB5 /* ViewController.m in Sources */ = {isa = PBXBuildFile; fileRef = 850EFDD424C29E11000B6FB5 /* ViewController.m */; };
		850EFDD824C29E11000B6FB5 /* Main.storyboard in Resources */ = {isa = PBXBuildFile; fileRef = 850EFDD624C29E11000B6FB5 /* Main.storyboard */; };
		850EFDDA24C29E12000B6FB5 /* Assets.xcassets in Resources */ = {isa = PBXBuildFile; fileRef = 850EFDD924C29E12000B6FB5 /* Assets.xcassets */; };
		850EFDDD24C29E12000B6FB5 /* LaunchScreen.storyboard in Resources */ = {isa = PBXBuildFile; fileRef = 850EFDDB24C29E12000B6FB5 /* LaunchScreen.storyboard */; };
		850EFDE024C29E12000B6FB5 /* main.m in Sources */ = {isa = PBXBuildFile; fileRef = 850EFDDF24C29E12000B6FB5 /* main.m */; };
		850EFDED24C29FE7000B6FB5 /* MBERenderer.m in Sources */ = {isa = PBXBuildFile; fileRef = 850EFDE624C29FE7000B6FB5 /* MBERenderer.m */; };
		850EFDEE24C29FE7000B6FB5 /* MetalView.m in Sources */ = {isa = PBXBuildFile; fileRef = 850EFDE724C29FE7000B6FB5 /* MetalView.m */; };
		850EFDEF24C29FE7000B6FB5 /* MBEMathUtilities.m in Sources */ = {isa = PBXBuildFile; fileRef = 850EFDE824C29FE7000B6FB5 /* MBEMathUtilities.m */; };
		850EFDF024C29FE7000B6FB5 /* Shaders.metal in Sources */ = {isa = PBXBuildFile; fileRef = 850EFDEC24C29FE7000B6FB5 /* Shaders.metal */; };
/* End PBXBuildFile section */

/* Begin PBXFileReference section */
		850EFDCA24C29E11000B6FB5 /* DrawingIn3DIOS.app */ = {isa = PBXFileReference; explicitFileType = wrapper.application; includeInIndex = 0; path = DrawingIn3DIOS.app; sourceTree = BUILT_PRODUCTS_DIR; };
		850EFDCD24C29E11000B6FB5 /* AppDelegate.h */ = {isa = PBXFileReference; lastKnownFileType = sourcecode.c.h; path = AppDelegate.h; sourceTree = "<group>"; };
		850EFDCE24C29E11000B6FB5 /* AppDelegate.m */ = {isa = PBXFileReference; lastKnownFileType = sourcecode.c.objc; path = AppDelegate.m; sourceTree = "<group>"; };
		850EFDD024C29E11000B6FB5 /* SceneDelegate.h */ = {isa = PBXFileReference; lastKnownFileType = sourcecode.c.h; path = SceneDelegate.h; sourceTree = "<group>"; };
		850EFDD124C29E11000B6FB5 /* SceneDelegate.m */ = {isa = PBXFileReference; lastKnownFileType = sourcecode.c.objc; path = SceneDelegate.m; sourceTree = "<group>"; };
		850EFDD324C29E11000B6FB5 /* ViewController.h */ = {isa = PBXFileReference; lastKnownFileType = sourcecode.c.h; path = ViewController.h; sourceTree = "<group>"; };
		850EFDD424C29E11000B6FB5 /* ViewController.m */ = {isa = PBXFileReference; lastKnownFileType = sourcecode.c.objc; path = ViewController.m; sourceTree = "<group>"; };
		850EFDD724C29E11000B6FB5 /* Base */ = {isa = PBXFileReference; lastKnownFileType = file.storyboard; name = Base; path = Base.lproj/Main.storyboard; sourceTree = "<group>"; };
		850EFDD924C29E12000B6FB5 /* Assets.xcassets */ = {isa = PBXFileReference; lastKnownFileType = folder.assetcatalog; path = Assets.xcassets; sourceTree = "<group>"; };
		850EFDDC24C29E12000B6FB5 /* Base */ = {isa = PBXFileReference; lastKnownFileType = file.storyboard; name = Base; path = Base.lproj/LaunchScreen.storyboard; sourceTree = "<group>"; };
		850EFDDE24C29E12000B6FB5 /* Info.plist */ = {isa = PBXFileReference; lastKnownFileType = text.plist.xml; path = Info.plist; sourceTree = "<group>"; };
		850EFDDF24C29E12000B6FB5 /* main.m */ = {isa = PBXFileReference; lastKnownFileType = sourcecode.c.objc; path = main.m; sourceTree = "<group>"; };
		850EFDE624C29FE7000B6FB5 /* MBERenderer.m */ = {isa = PBXFileReference; fileEncoding = 4; lastKnownFileType = sourcecode.c.objc; path = MBERenderer.m; sourceTree = "<group>"; };
		850EFDE724C29FE7000B6FB5 /* MetalView.m */ = {isa = PBXFileReference; fileEncoding = 4; lastKnownFileType = sourcecode.c.objc; path = MetalView.m; sourceTree = "<group>"; };
		850EFDE824C29FE7000B6FB5 /* MBEMathUtilities.m */ = {isa = PBXFileReference; fileEncoding = 4; lastKnownFileType = sourcecode.c.objc; path = MBEMathUtilities.m; sourceTree = "<group>"; };
		850EFDE924C29FE7000B6FB5 /* MetalView.h */ = {isa = PBXFileReference; fileEncoding = 4; lastKnownFileType = sourcecode.c.h; path = MetalView.h; sourceTree = "<group>"; };
		850EFDEA24C29FE7000B6FB5 /* MBERenderer.h */ = {isa = PBXFileReference; fileEncoding = 4; lastKnownFileType = sourcecode.c.h; path = MBERenderer.h; sourceTree = "<group>"; };
		850EFDEB24C29FE7000B6FB5 /* MBEMathUtilities.h */ = {isa = PBXFileReference; fileEncoding = 4; lastKnownFileType = sourcecode.c.h; path = MBEMathUtilities.h; sourceTree = "<group>"; };
		850EFDEC24C29FE7000B6FB5 /* Shaders.metal */ = {isa = PBXFileReference; fileEncoding = 4; lastKnownFileType = sourcecode.metal; path = Shaders.metal; sourceTree = "<group>"; };
/* End PBXFileReference section */

/* Begin PBXFrameworksBuildPhase section */
		850EFDC724C29E11000B6FB5 /* Frameworks */ = {
			isa = PBXFrameworksBuildPhase;
			buildActionMask = 2147483647;
			files = (
			);
			runOnlyForDeploymentPostprocessing = 0;
		};
/* End PBXFrameworksBuildPhase section */

/* Begin PBXGroup section */
		850EFDC124C29E11000B6FB5 = {
			isa = PBXGroup;
			children = (
				850EFDCC24C29E11000B6FB5 /* DrawingIn3DIOS */,
				850EFDCB24C29E11000B6FB5 /* Products */,
			);
			sourceTree = "<group>";
		};
		850EFDCB24C29E11000B6FB5 /* Products */ = {
			isa = PBXGroup;
			children = (
				850EFDCA24C29E11000B6FB5 /* DrawingIn3DIOS.app */,
			);
			name = Products;
			sourceTree = "<group>";
		};
		850EFDCC24C29E11000B6FB5 /* DrawingIn3DIOS */ = {
			isa = PBXGroup;
			children = (
				850EFDF224C2A03B000B6FB5 /* MBEItems */,
				850EFDEC24C29FE7000B6FB5 /* Shaders.metal */,
				850EFDCD24C29E11000B6FB5 /* AppDelegate.h */,
				850EFDCE24C29E11000B6FB5 /* AppDelegate.m */,
				850EFDD024C29E11000B6FB5 /* SceneDelegate.h */,
				850EFDD124C29E11000B6FB5 /* SceneDelegate.m */,
				850EFDD324C29E11000B6FB5 /* ViewController.h */,
				850EFDD424C29E11000B6FB5 /* ViewController.m */,
				850EFDD624C29E11000B6FB5 /* Main.storyboard */,
				850EFDD924C29E12000B6FB5 /* Assets.xcassets */,
				850EFDDB24C29E12000B6FB5 /* LaunchScreen.storyboard */,
				850EFDDE24C29E12000B6FB5 /* Info.plist */,
				850EFDDF24C29E12000B6FB5 /* main.m */,
			);
			path = DrawingIn3DIOS;
			sourceTree = "<group>";
		};
		850EFDF224C2A03B000B6FB5 /* MBEItems */ = {
			isa = PBXGroup;
			children = (
				850EFDEB24C29FE7000B6FB5 /* MBEMathUtilities.h */,
				850EFDE824C29FE7000B6FB5 /* MBEMathUtilities.m */,
				850EFDE924C29FE7000B6FB5 /* MetalView.h */,
				850EFDE724C29FE7000B6FB5 /* MetalView.m */,
				850EFDEA24C29FE7000B6FB5 /* MBERenderer.h */,
				850EFDE624C29FE7000B6FB5 /* MBERenderer.m */,
			);
			path = MBEItems;
			sourceTree = "<group>";
		};
/* End PBXGroup section */

/* Begin PBXNativeTarget section */
		850EFDC924C29E11000B6FB5 /* DrawingIn3DIOS */ = {
			isa = PBXNativeTarget;
			buildConfigurationList = 850EFDE324C29E12000B6FB5 /* Build configuration list for PBXNativeTarget "DrawingIn3DIOS" */;
			buildPhases = (
				850EFDC624C29E11000B6FB5 /* Sources */,
				850EFDC724C29E11000B6FB5 /* Frameworks */,
				850EFDC824C29E11000B6FB5 /* Resources */,
			);
			buildRules = (
			);
			dependencies = (
			);
			name = DrawingIn3DIOS;
			productName = DrawingIn3DIOS;
			productReference = 850EFDCA24C29E11000B6FB5 /* DrawingIn3DIOS.app */;
			productType = "com.apple.product-type.application";
		};
/* End PBXNativeTarget section */

/* Begin PBXProject section */
		850EFDC224C29E11000B6FB5 /* Project object */ = {
			isa = PBXProject;
			attributes = {
				LastUpgradeCheck = 1160;
				ORGANIZATIONNAME = "TR Solutions";
				TargetAttributes = {
					850EFDC924C29E11000B6FB5 = {
						CreatedOnToolsVersion = 11.6;
					};
				};
			};
			buildConfigurationList = 850EFDC524C29E11000B6FB5 /* Build configuration list for PBXProject "DrawingIn3DIOS" */;
			compatibilityVersion = "Xcode 9.3";
			developmentRegion = en;
			hasScannedForEncodings = 0;
			knownRegions = (
				en,
				Base,
			);
			mainGroup = 850EFDC124C29E11000B6FB5;
			productRefGroup = 850EFDCB24C29E11000B6FB5 /* Products */;
			projectDirPath = "";
			projectRoot = "";
			targets = (
				850EFDC924C29E11000B6FB5 /* DrawingIn3DIOS */,
			);
		};
/* End PBXProject section */

/* Begin PBXResourcesBuildPhase section */
		850EFDC824C29E11000B6FB5 /* Resources */ = {
			isa = PBXResourcesBuildPhase;
			buildActionMask = 2147483647;
			files = (
				850EFDDD24C29E12000B6FB5 /* LaunchScreen.storyboard in Resources */,
				850EFDDA24C29E12000B6FB5 /* Assets.xcassets in Resources */,
				850EFDD824C29E11000B6FB5 /* Main.storyboard in Resources */,
			);
			runOnlyForDeploymentPostprocessing = 0;
		};
/* End PBXResourcesBuildPhase section */

/* Begin PBXSourcesBuildPhase section */
		850EFDC624C29E11000B6FB5 /* Sources */ = {
			isa = PBXSourcesBuildPhase;
			buildActionMask = 2147483647;
			files = (
				850EFDF024C29FE7000B6FB5 /* Shaders.metal in Sources */,
				850EFDD524C29E11000B6FB5 /* ViewController.m in Sources */,
				850EFDEE24C29FE7000B6FB5 /* MetalView.m in Sources */,
				850EFDCF24C29E11000B6FB5 /* AppDelegate.m in Sources */,
				850EFDE024C29E12000B6FB5 /* main.m in Sources */,
				850EFDD224C29E11000B6FB5 /* SceneDelegate.m in Sources */,
				850EFDEF24C29FE7000B6FB5 /* MBEMathUtilities.m in Sources */,
				850EFDED24C29FE7000B6FB5 /* MBERenderer.m in Sources */,
			);
			runOnlyForDeploymentPostprocessing = 0;
		};
/* End PBXSourcesBuildPhase section */

/* Begin PBXVariantGroup section */
		850EFDD624C29E11000B6FB5 /* Main.storyboard */ = {
			isa = PBXVariantGroup;
			children = (
				850EFDD724C29E11000B6FB5 /* Base */,
			);
			name = Main.storyboard;
			sourceTree = "<group>";
		};
		850EFDDB24C29E12000B6FB5 /* LaunchScreen.storyboard */ = {
			isa = PBXVariantGroup;
			children = (
				850EFDDC24C29E12000B6FB5 /* Base */,
			);
			name = LaunchScreen.storyboard;
			sourceTree = "<group>";
		};
/* End PBXVariantGroup section */

/* Begin XCBuildConfiguration section */
		850EFDE124C29E12000B6FB5 /* Debug */ = {
			isa = XCBuildConfiguration;
			buildSettings = {
				ALWAYS_SEARCH_USER_PATHS = NO;
				CLANG_ANALYZER_NONNULL = YES;
				CLANG_ANALYZER_NUMBER_OBJECT_CONVERSION = YES_AGGRESSIVE;
				CLANG_CXX_LANGUAGE_STANDARD = "gnu++14";
				CLANG_CXX_LIBRARY = "libc++";
				CLANG_ENABLE_MODULES = YES;
				CLANG_ENABLE_OBJC_ARC = YES;
				CLANG_ENABLE_OBJC_WEAK = YES;
				CLANG_WARN_BLOCK_CAPTURE_AUTORELEASING = YES;
				CLANG_WARN_BOOL_CONVERSION = YES;
				CLANG_WARN_COMMA = YES;
				CLANG_WARN_CONSTANT_CONVERSION = YES;
				CLANG_WARN_DEPRECATED_OBJC_IMPLEMENTATIONS = YES;
				CLANG_WARN_DIRECT_OBJC_ISA_USAGE = YES_ERROR;
				CLANG_WARN_DOCUMENTATION_COMMENTS = YES;
				CLANG_WARN_EMPTY_BODY = YES;
				CLANG_WARN_ENUM_CONVERSION = YES;
				CLANG_WARN_INFINITE_RECURSION = YES;
				CLANG_WARN_INT_CONVERSION = YES;
				CLANG_WARN_NON_LITERAL_NULL_CONVERSION = YES;
				CLANG_WARN_OBJC_IMPLICIT_RETAIN_SELF = YES;
				CLANG_WARN_OBJC_LITERAL_CONVERSION = YES;
				CLANG_WARN_OBJC_ROOT_CLASS = YES_ERROR;
				CLANG_WARN_RANGE_LOOP_ANALYSIS = YES;
				CLANG_WARN_STRICT_PROTOTYPES = YES;
				CLANG_WARN_SUSPICIOUS_MOVE = YES;
				CLANG_WARN_UNGUARDED_AVAILABILITY = YES_AGGRESSIVE;
				CLANG_WARN_UNREACHABLE_CODE = YES;
				CLANG_WARN__DUPLICATE_METHOD_MATCH = YES;
				COPY_PHASE_STRIP = NO;
				DEBUG_INFORMATION_FORMAT = dwarf;
				ENABLE_STRICT_OBJC_MSGSEND = YES;
				ENABLE_TESTABILITY = YES;
				GCC_C_LANGUAGE_STANDARD = gnu11;
				GCC_DYNAMIC_NO_PIC = NO;
				GCC_NO_COMMON_BLOCKS = YES;
				GCC_OPTIMIZATION_LEVEL = 0;
				GCC_PREPROCESSOR_DEFINITIONS = (
					"DEBUG=1",
					"$(inherited)",
				);
				GCC_WARN_64_TO_32_BIT_CONVERSION = YES;
				GCC_WARN_ABOUT_RETURN_TYPE = YES_ERROR;
				GCC_WARN_UNDECLARED_SELECTOR = YES;
				GCC_WARN_UNINITIALIZED_AUTOS = YES_AGGRESSIVE;
				GCC_WARN_UNUSED_FUNCTION = YES;
				GCC_WARN_UNUSED_VARIABLE = YES;
				IPHONEOS_DEPLOYMENT_TARGET = 13.6;
				MTL_ENABLE_DEBUG_INFO = INCLUDE_SOURCE;
				MTL_FAST_MATH = YES;
				ONLY_ACTIVE_ARCH = YES;
				SDKROOT = iphoneos;
			};
			name = Debug;
		};
		850EFDE224C29E12000B6FB5 /* Release */ = {
			isa = XCBuildConfiguration;
			buildSettings = {
				ALWAYS_SEARCH_USER_PATHS = NO;
				CLANG_ANALYZER_NONNULL = YES;
				CLANG_ANALYZER_NUMBER_OBJECT_CONVERSION = YES_AGGRESSIVE;
				CLANG_CXX_LANGUAGE_STANDARD = "gnu++14";
				CLANG_CXX_LIBRARY = "libc++";
				CLANG_ENABLE_MODULES = YES;
				CLANG_ENABLE_OBJC_ARC = YES;
				CLANG_ENABLE_OBJC_WEAK = YES;
				CLANG_WARN_BLOCK_CAPTURE_AUTORELEASING = YES;
				CLANG_WARN_BOOL_CONVERSION = YES;
				CLANG_WARN_COMMA = YES;
				CLANG_WARN_CONSTANT_CONVERSION = YES;
				CLANG_WARN_DEPRECATED_OBJC_IMPLEMENTATIONS = YES;
				CLANG_WARN_DIRECT_OBJC_ISA_USAGE = YES_ERROR;
				CLANG_WARN_DOCUMENTATION_COMMENTS = YES;
				CLANG_WARN_EMPTY_BODY = YES;
				CLANG_WARN_ENUM_CONVERSION = YES;
				CLANG_WARN_INFINITE_RECURSION = YES;
				CLANG_WARN_INT_CONVERSION = YES;
				CLANG_WARN_NON_LITERAL_NULL_CONVERSION = YES;
				CLANG_WARN_OBJC_IMPLICIT_RETAIN_SELF = YES;
				CLANG_WARN_OBJC_LITERAL_CONVERSION = YES;
				CLANG_WARN_OBJC_ROOT_CLASS = YES_ERROR;
				CLANG_WARN_RANGE_LOOP_ANALYSIS = YES;
				CLANG_WARN_STRICT_PROTOTYPES = YES;
				CLANG_WARN_SUSPICIOUS_MOVE = YES;
				CLANG_WARN_UNGUARDED_AVAILABILITY = YES_AGGRESSIVE;
				CLANG_WARN_UNREACHABLE_CODE = YES;
				CLANG_WARN__DUPLICATE_METHOD_MATCH = YES;
				COPY_PHASE_STRIP = NO;
				DEBUG_INFORMATION_FORMAT = "dwarf-with-dsym";
				ENABLE_NS_ASSERTIONS = NO;
				ENABLE_STRICT_OBJC_MSGSEND = YES;
				GCC_C_LANGUAGE_STANDARD = gnu11;
				GCC_NO_COMMON_BLOCKS = YES;
				GCC_WARN_64_TO_32_BIT_CONVERSION = YES;
				GCC_WARN_ABOUT_RETURN_TYPE = YES_ERROR;
				GCC_WARN_UNDECLARED_SELECTOR = YES;
				GCC_WARN_UNINITIALIZED_AUTOS = YES_AGGRESSIVE;
				GCC_WARN_UNUSED_FUNCTION = YES;
				GCC_WARN_UNUSED_VARIABLE = YES;
				IPHONEOS_DEPLOYMENT_TARGET = 13.6;
				MTL_ENABLE_DEBUG_INFO = NO;
				MTL_FAST_MATH = YES;
				SDKROOT = iphoneos;
				VALIDATE_PRODUCT = YES;
			};
			name = Release;
		};
		850EFDE424C29E12000B6FB5 /* Debug */ = {
			isa = XCBuildConfiguration;
			buildSettings = {
				ASSETCATALOG_COMPILER_APPICON_NAME = AppIcon;
				CODE_SIGN_STYLE = Automatic;
				DEVELOPMENT_TEAM = MM56L87LC4;
				ENABLE_BITCODE = NO;
				INFOPLIST_FILE = DrawingIn3DIOS/Info.plist;
				LD_RUNPATH_SEARCH_PATHS = (
					"$(inherited)",
					"@executable_path/Frameworks",
				);
				PRODUCT_BUNDLE_IDENTIFIER = biz.trsolutions.DrawingIn3DIOS;
				PRODUCT_NAME = "$(TARGET_NAME)";
				TARGETED_DEVICE_FAMILY = "1,2";
			};
			name = Debug;
		};
		850EFDE524C29E12000B6FB5 /* Release */ = {
			isa = XCBuildConfiguration;
			buildSettings = {
				ASSETCATALOG_COMPILER_APPICON_NAME = AppIcon;
				CODE_SIGN_STYLE = Automatic;
				DEVELOPMENT_TEAM = MM56L87LC4;
				ENABLE_BITCODE = NO;
				INFOPLIST_FILE = DrawingIn3DIOS/Info.plist;
				LD_RUNPATH_SEARCH_PATHS = (
					"$(inherited)",
					"@executable_path/Frameworks",
				);
				PRODUCT_BUNDLE_IDENTIFIER = biz.trsolutions.DrawingIn3DIOS;
				PRODUCT_NAME = "$(TARGET_NAME)";
				TARGETED_DEVICE_FAMILY = "1,2";
			};
			name = Release;
		};
/* End XCBuildConfiguration section */

/* Begin XCConfigurationList section */
		850EFDC524C29E11000B6FB5 /* Build configuration list for PBXProject "DrawingIn3DIOS" */ = {
			isa = XCConfigurationList;
			buildConfigurations = (
				850EFDE124C29E12000B6FB5 /* Debug */,
				850EFDE224C29E12000B6FB5 /* Release */,
			);
			defaultConfigurationIsVisible = 0;
			defaultConfigurationName = Release;
		};
		850EFDE324C29E12000B6FB5 /* Build configuration list for PBXNativeTarget "DrawingIn3DIOS" */ = {
			isa = XCConfigurationList;
			buildConfigurations = (
				850EFDE424C29E12000B6FB5 /* Debug */,
				850EFDE524C29E12000B6FB5 /* Release */,
			);
			defaultConfigurationIsVisible = 0;
			defaultConfigurationName = Release;
		};
/* End XCConfigurationList section */
	};
	rootObject = 850EFDC224C29E11000B6FB5 /* Project object */;
}
